
Microsoft Visual Studio Solution File, Format Version 12.00
# Visual Studio Version 17
VisualStudioVersion = 17.0.31919.166
MinimumVisualStudioVersion = 10.0.40219.1
Project("{9A19103F-16F7-4668-BE54-9A1E7A4F7556}") = "Wati.API", "Wati.API.csproj", "{5674571E-464F-4413-8F7A-D8D3A8E74B4D}"
EndProject
Project("{FAE04EC0-301F-11D3-BF4B-00C04F79EFBC}") = "Wait.API.Tests", "..\Wait.API.Tests\Wait.API.Tests.csproj", "{A08C3BBE-9A63-4998-B3E6-57004F97E2B5}"
EndProject
Global
	GlobalSection(SolutionConfigurationPlatforms) = preSolution
		Debug|Any CPU = Debug|Any CPU
		Release|Any CPU = Release|Any CPU
	EndGlobalSection
	GlobalSection(ProjectConfigurationPlatforms) = postSolution
		{5674571E-464F-4413-8F7A-D8D3A8E74B4D}.Debug|Any CPU.ActiveCfg = Debug|Any CPU
		{5674571E-464F-4413-8F7A-D8D3A8E74B4D}.Debug|Any CPU.Build.0 = Debug|Any CPU
		{5674571E-464F-4413-8F7A-D8D3A8E74B4D}.Release|Any CPU.ActiveCfg = Release|Any CPU
		{5674571E-464F-4413-8F7A-D8D3A8E74B4D}.Release|Any CPU.Build.0 = Release|Any CPU
		{A08C3BBE-9A63-4998-B3E6-57004F97E2B5}.Debug|Any CPU.ActiveCfg = Debug|Any CPU
		{A08C3BBE-9A63-4998-B3E6-57004F97E2B5}.Debug|Any CPU.Build.0 = Debug|Any CPU
		{A08C3BBE-9A63-4998-B3E6-57004F97E2B5}.Release|Any CPU.ActiveCfg = Release|Any CPU
		{A08C3BBE-9A63-4998-B3E6-57004F97E2B5}.Release|Any CPU.Build.0 = Release|Any CPU
	EndGlobalSection
	GlobalSection(SolutionProperties) = preSolution
		HideSolutionNode = FALSE
	EndGlobalSection
	GlobalSection(ExtensibilityGlobals) = postSolution
		SolutionGuid = {CF07E4F0-D837-4EC3-A0DD-5D2A72E27812}
	EndGlobalSection
EndGlobal
